
Microsoft Visual Studio Solution File, Format Version 12.00
# Visual Studio 15
VisualStudioVersion = 15.0.27130.2036
MinimumVisualStudioVersion = 10.0.40219.1
Project("{8BC9CEB8-8B4A-11D0-8D11-00A0C91BC942}") = "DiagnosticAssist", "DiagnosticAssist\DiagnosticAssist.vcxproj", "{45CEC707-2BAD-429F-AB25-08A39E467EFF}"
EndProject
Global
	GlobalSection(SolutionConfigurationPlatforms) = preSolution
		Debug|x64 = Debug|x64
		Debug|x86 = Debug|x86
		Release|x64 = Release|x64
		Release|x86 = Release|x86
	EndGlobalSection
	GlobalSection(ProjectConfigurationPlatforms) = postSolution
		{45CEC707-2BAD-429F-AB25-08A39E467EFF}.Debug|x64.ActiveCfg = Debug|x64
		{45CEC707-2BAD-429F-AB25-08A39E467EFF}.Debug|x64.Build.0 = Debug|x64
		{45CEC707-2BAD-429F-AB25-08A39E467EFF}.Debug|x86.ActiveCfg = Debug|Win32
		{45CEC707-2BAD-429F-AB25-08A39E467EFF}.Debug|x86.Build.0 = Debug|Win32
		{45CEC707-2BAD-429F-AB25-08A39E467EFF}.Release|x64.ActiveCfg = Release|x64
		{45CEC707-2BAD-429F-AB25-08A39E467EFF}.Release|x64.Build.0 = Release|x64
		{45CEC707-2BAD-429F-AB25-08A39E467EFF}.Release|x86.ActiveCfg = Release|Win32
		{45CEC707-2BAD-429F-AB25-08A39E467EFF}.Release|x86.Build.0 = Release|Win32
	EndGlobalSection
	GlobalSection(SolutionProperties) = preSolution
		HideSolutionNode = FALSE
	EndGlobalSection
	GlobalSection(ExtensibilityGlobals) = postSolution
		SolutionGuid = {6739F8D3-6CB1-414B-8A36-C468FE43D5F8}
	EndGlobalSection
EndGlobal
